
Microsoft Visual Studio Solution File, Format Version 12.00
# Visual Studio Version 17
VisualStudioVersion = 17.6.33723.286
MinimumVisualStudioVersion = 10.0.40219.1
Project("{FAE04EC0-301F-11D3-BF4B-00C04F79EFBC}") = "realtime-chat", "realtime-chat\realtime-chat.csproj", "{43B0C51B-E173-4FCA-A4B2-753A3BABD9A5}"
EndProject
Global
	GlobalSection(SolutionConfigurationPlatforms) = preSolution
		Debug|Any CPU = Debug|Any CPU
		Release|Any CPU = Release|Any CPU
	EndGlobalSection
	GlobalSection(ProjectConfigurationPlatforms) = postSolution
		{43B0C51B-E173-4FCA-A4B2-753A3BABD9A5}.Debug|Any CPU.ActiveCfg = Debug|Any CPU
		{43B0C51B-E173-4FCA-A4B2-753A3BABD9A5}.Debug|Any CPU.Build.0 = Debug|Any CPU
		{43B0C51B-E173-4FCA-A4B2-753A3BABD9A5}.Release|Any CPU.ActiveCfg = Release|Any CPU
		{43B0C51B-E173-4FCA-A4B2-753A3BABD9A5}.Release|Any CPU.Build.0 = Release|Any CPU
	EndGlobalSection
	GlobalSection(SolutionProperties) = preSolution
		HideSolutionNode = FALSE
	EndGlobalSection
	GlobalSection(ExtensibilityGlobals) = postSolution
		SolutionGuid = {062CB5AF-D5A6-47B5-B835-8F99A71F19D7}
	EndGlobalSection
EndGlobal
